{
  "name": "ConnectPlus",
  "version": "0.0.1",
  "lockfileVersion": 1,
  "dependencies": {
    "body-parser": {
      "version": "1.12.4",
      "resolved": "https://registry.npmjs.org/body-parser/-/body-parser-1.12.4.tgz",
      "integrity": "sha1-CQcAxLoohiqFIO83g5X97l9hwik=",
      "dependencies": {
        "bytes": {
          "version": "1.0.0",
          "resolved": "https://registry.npmjs.org/bytes/-/bytes-1.0.0.tgz",
          "integrity": "sha1-NWnt6Lo0MV+rmcPpLLBMciDeH6g="
        },
        "content-type": {
          "version": "1.0.1",
          "resolved": "https://registry.npmjs.org/content-type/-/content-type-1.0.1.tgz",
          "integrity": "sha1-oZ0iRzJ9wDgFDOYit6FU7FnF5gA="
        },
        "debug": {
          "version": "2.2.0",
          "resolved": "https://registry.npmjs.org/debug/-/debug-2.2.0.tgz",
          "integrity": "sha1-+HBX6ZWxofauaklgZkE3vFbwOdo=",
          "dependencies": {
            "ms": {
              "version": "0.7.1",
              "resolved": "https://registry.npmjs.org/ms/-/ms-0.7.1.tgz",
              "integrity": "sha1-nNE8A62/8ltl7/3nzoZO6VIBcJg="
            }
          }
        },
        "depd": {
          "version": "1.0.1",
          "resolved": "https://registry.npmjs.org/depd/-/depd-1.0.1.tgz",
          "integrity": "sha1-gK7GTJ1tl+ZcwqnKqTwKpqv3Oqo="
        },
        "iconv-lite": {
          "version": "0.4.8",
          "resolved": "https://registry.npmjs.org/iconv-lite/-/iconv-lite-0.4.8.tgz",
          "integrity": "sha1-xgGadZXyzvynAuq2lKAQvNkpjSA="
        },
        "on-finished": {
          "version": "2.2.1",
          "resolved": "https://registry.npmjs.org/on-finished/-/on-finished-2.2.1.tgz",
          "integrity": "sha1-XIXBzDYpn3gCllP2Z/J7a5nrwCk=",
          "dependencies": {
            "ee-first": {
              "version": "1.1.0",
              "resolved": "https://registry.npmjs.org/ee-first/-/ee-first-1.1.0.tgz",
              "integrity": "sha1-ag18YiHkkP7v2S7D9EHJzozQl/Q="
            }
          }
        },
        "qs": {
          "version": "2.4.2",
          "resolved": "https://registry.npmjs.org/qs/-/qs-2.4.2.tgz",
          "integrity": "sha1-9854jld33wtQENp/fE5zujJHD1o="
        },
        "raw-body": {
          "version": "2.0.2",
          "resolved": "https://registry.npmjs.org/raw-body/-/raw-body-2.0.2.tgz",
          "integrity": "sha1-osL5jIUxzumcY9jSOLfel7tln8o=",
          "dependencies": {
            "bytes": {
              "version": "2.1.0",
              "resolved": "https://registry.npmjs.org/bytes/-/bytes-2.1.0.tgz",
              "integrity": "sha1-rJPEEOL/ycx89LRks4KJBn9eR7Q="
            }
          }
        },
        "type-is": {
          "version": "1.6.3",
          "resolved": "https://registry.npmjs.org/type-is/-/type-is-1.6.3.tgz",
          "integrity": "sha1-2H0gF3f3bfxSasICZ5cV1BooxYA=",
          "dependencies": {
            "media-typer": {
              "version": "0.3.0",
              "resolved": "https://registry.npmjs.org/media-typer/-/media-typer-0.3.0.tgz",
              "integrity": "sha1-hxDXrwqmJvj/+hzgAWhUUmMlV0g="
            },
            "mime-types": {
              "version": "2.1.2",
              "resolved": "https://registry.npmjs.org/mime-types/-/mime-types-2.1.2.tgz",
              "integrity": "sha1-ZUXM2Vr+d7nGVdgcLmzqzjYlcic=",
              "dependencies": {
                "mime-db": {
                  "version": "1.14.0",
                  "resolved": "https://registry.npmjs.org/mime-db/-/mime-db-1.14.0.tgz",
                  "integrity": "sha1-1WHxC27mbbUflK5leilRp0IX7YM="
                }
              }
            }
          }
        }
      }
    },
    "cookie-parser": {
      "version": "1.3.5",
      "resolved": "https://registry.npmjs.org/cookie-parser/-/cookie-parser-1.3.5.tgz",
      "integrity": "sha1-nXVVcPtdF4kHcSJ6AjFNm+fPg1Y=",
      "dependencies": {
        "cookie": {
          "version": "0.1.3",
          "resolved": "https://registry.npmjs.org/cookie/-/cookie-0.1.3.tgz",
          "integrity": "sha1-5zSlwUF/zkctWu+Cw4HKu2TRpDU="
        },
        "cookie-signature": {
          "version": "1.0.6",
          "resolved": "https://registry.npmjs.org/cookie-signature/-/cookie-signature-1.0.6.tgz",
          "integrity": "sha1-4wOogrNCzD7oylE6eZmXNNqzriw="
        }
      }
    },
    "ejs": {
      "version": "2.3.1",
      "resolved": "https://registry.npmjs.org/ejs/-/ejs-2.3.1.tgz",
      "integrity": "sha1-ppfZisQB4yqZw97tksYMGbYZmn8="
    },
    "express": {
      "version": "4.5.1",
      "resolved": "https://registry.npmjs.org/express/-/express-4.5.1.tgz",
      "integrity": "sha1-S8Pm7J2yjldf5ZHDb7t4H/72/nw=",
      "dependencies": {
        "accepts": {
          "version": "1.0.7",
          "resolved": "https://registry.npmjs.org/accepts/-/accepts-1.0.7.tgz",
          "integrity": "sha1-W1AftPBwQwmWTM2wSBclQSCNqxo=",
          "dependencies": {
            "mime-types": {
              "version": "1.0.2",
              "resolved": "https://registry.npmjs.org/mime-types/-/mime-types-1.0.2.tgz",
              "integrity": "sha1-mVrhOSq4r/y/yyZB3QVOlDwNXc4="
            },
            "negotiator": {
              "version": "0.4.7",
              "resolved": "https://registry.npmjs.org/negotiator/-/negotiator-0.4.7.tgz",
              "integrity": "sha1-pBYPcXfsgGc4Yx0NMFIyXaQqvcg="
            }
          }
        },
        "buffer-crc32": {
          "version": "0.2.3",
          "resolved": "https://registry.npmjs.org/buffer-crc32/-/buffer-crc32-0.2.3.tgz",
          "integrity": "sha1-u1RRnpXRB8vSQA520MqxRnM22SE="
        },
        "cookie": {
          "version": "0.1.2",
          "resolved": "https://registry.npmjs.org/cookie/-/cookie-0.1.2.tgz",
          "integrity": "sha1-cv7D0k5Io0Mgc9kMEmQgBQYQBLE="
        },
        "cookie-signature": {
          "version": "1.0.4",
          "resolved": "https://registry.npmjs.org/cookie-signature/-/cookie-signature-1.0.4.tgz",
          "integrity": "sha1-Dt0iKG46ERuaKnDbNj6SXoZ/aso="
        },
        "debug": {
          "version": "1.0.2",
          "resolved": "https://registry.npmjs.org/debug/-/debug-1.0.2.tgz",
          "integrity": "sha1-OElZHBDM5khHbDx8Li40FttZY8Q=",
          "dependencies": {
            "ms": {
              "version": "0.6.2",
              "resolved": "https://registry.npmjs.org/ms/-/ms-0.6.2.tgz",
              "integrity": "sha1-2JwhJMb9wTU9Zai3e/GqxLGTcIw="
            }
          }
        },
        "depd": {
          "version": "0.3.0",
          "resolved": "https://registry.npmjs.org/depd/-/depd-0.3.0.tgz",
          "integrity": "sha1-Ecm8KOQlMl+9iziUC+/2n6UyaIM="
        },
        "escape-html": {
          "version": "1.0.1",
          "resolved": "https://registry.npmjs.org/escape-html/-/escape-html-1.0.1.tgz",
          "integrity": "sha1-GBoobq05ejmpKFfPsdQwUuNWv/A="
        },
        "finalhandler": {
          "version": "0.0.2",
          "resolved": "https://registry.npmjs.org/finalhandler/-/finalhandler-0.0.2.tgz",
          "integrity": "sha1-BgPYde6H1WeiZmkoFcyK1E/M7to="
        },
        "fresh": {
          "version": "0.2.2",
          "resolved": "https://registry.npmjs.org/fresh/-/fresh-0.2.2.tgz",
          "integrity": "sha1-lzHc9WeMf660T7kDxPct9VGH+nc="
        },
        "media-typer": {
          "version": "0.2.0",
          "resolved": "https://registry.npmjs.org/media-typer/-/media-typer-0.2.0.tgz",
          "integrity": "sha1-2KBlITrf6qLnYyGitt2jb/YzWYQ="
        },
        "merge-descriptors": {
          "version": "0.0.2",
          "resolved": "https://registry.npmjs.org/merge-descriptors/-/merge-descriptors-0.0.2.tgz",
          "integrity": "sha1-w2pSp4FDdRPFcnXzndnTF1FKyMc="
        },
        "methods": {
          "version": "1.0.1",
          "resolved": "https://registry.npmjs.org/methods/-/methods-1.0.1.tgz",
          "integrity": "sha1-dbyRlD3/19oDfPPusO1zoAN80Us="
        },
        "parseurl": {
          "version": "1.0.1",
          "resolved": "https://registry.npmjs.org/parseurl/-/parseurl-1.0.1.tgz",
          "integrity": "sha1-Llfc5u/dN8NRhwEDCUTCK/OIt7Q="
        },
        "path-to-regexp": {
          "version": "0.1.2",
          "resolved": "https://registry.npmjs.org/path-to-regexp/-/path-to-regexp-0.1.2.tgz",
          "integrity": "sha1-mysVH5zDAYye6lDKlXKeBXgXErQ="
        },
        "proxy-addr": {
          "version": "1.0.1",
          "resolved": "https://registry.npmjs.org/proxy-addr/-/proxy-addr-1.0.1.tgz",
          "integrity": "sha1-x8Vm1etOP61n7rnHfFVYzMObiKg=",
          "dependencies": {
            "ipaddr.js": {
              "version": "0.1.2",
              "resolved": "https://registry.npmjs.org/ipaddr.js/-/ipaddr.js-0.1.2.tgz",
              "integrity": "sha1-ah/T2FT1ACllw017vNm0qNSwRn4="
            }
          }
        },
        "qs": {
          "version": "0.6.6",
          "resolved": "https://registry.npmjs.org/qs/-/qs-0.6.6.tgz",
          "integrity": "sha1-bgFQmP9RlouKPIGQAdXyyJvEsQc="
        },
        "range-parser": {
          "version": "1.0.0",
          "resolved": "https://registry.npmjs.org/range-parser/-/range-parser-1.0.0.tgz",
          "integrity": "sha1-pLJkz+C+XONqvjdlrJwqJIdG28A="
        },
        "send": {
          "version": "0.5.0",
          "resolved": "https://registry.npmjs.org/send/-/send-0.5.0.tgz",
          "integrity": "sha1-/A9+L5Limuv9ihst60o5TnpTGmg=",
          "dependencies": {
            "finished": {
              "version": "1.2.2",
              "resolved": "https://registry.npmjs.org/finished/-/finished-1.2.2.tgz",
              "integrity": "sha1-QWCOr639ZWg7RqEiC8Sx7D2u3Ng=",
              "dependencies": {
                "ee-first": {
                  "version": "1.0.3",
                  "resolved": "https://registry.npmjs.org/ee-first/-/ee-first-1.0.3.tgz",
                  "integrity": "sha1-bJjECJq+y1p7hcGsRJqmA9Oz2r4="
                }
              }
            },
            "mime": {
              "version": "1.2.11",
              "resolved": "https://registry.npmjs.org/mime/-/mime-1.2.11.tgz",
              "integrity": "sha1-WCA+7Ybjpe8XrtK32evUfwpg3RA="
            },
            "ms": {
              "version": "0.6.2",
              "resolved": "https://registry.npmjs.org/ms/-/ms-0.6.2.tgz",
              "integrity": "sha1-2JwhJMb9wTU9Zai3e/GqxLGTcIw="
            }
          }
        },
        "serve-static": {
          "version": "1.3.2",
          "resolved": "https://registry.npmjs.org/serve-static/-/serve-static-1.3.2.tgz",
          "integrity": "sha1-2QSmy/VfURx4E49vRe5uadnRBco=",
          "dependencies": {
            "parseurl": {
              "version": "1.1.3",
              "resolved": "https://registry.npmjs.org/parseurl/-/parseurl-1.1.3.tgz",
              "integrity": "sha1-HwBXOKxxtBe8LQhFy9+iqLY+pjk="
            },
            "send": {
              "version": "0.6.0",
              "resolved": "https://registry.npmjs.org/send/-/send-0.6.0.tgz",
              "integrity": "sha1-pZ2pJl23w1FB4Qec8fNo7g1Zs6s=",
              "dependencies": {
                "debug": {
                  "version": "1.0.3",
                  "resolved": "https://registry.npmjs.org/debug/-/debug-1.0.3.tgz",
                  "integrity": "sha1-/IxrLWACgEtAgcAgjg9kYLofo+Q="
                },
                "finished": {
                  "version": "1.2.2",
                  "resolved": "https://registry.npmjs.org/finished/-/finished-1.2.2.tgz",
                  "integrity": "sha1-QWCOr639ZWg7RqEiC8Sx7D2u3Ng=",
                  "dependencies": {
                    "ee-first": {
                      "version": "1.0.3",
                      "resolved": "https://registry.npmjs.org/ee-first/-/ee-first-1.0.3.tgz",
                      "integrity": "sha1-bJjECJq+y1p7hcGsRJqmA9Oz2r4="
                    }
                  }
                },
                "mime": {
                  "version": "1.2.11",
                  "resolved": "https://registry.npmjs.org/mime/-/mime-1.2.11.tgz",
                  "integrity": "sha1-WCA+7Ybjpe8XrtK32evUfwpg3RA="
                },
                "ms": {
                  "version": "0.6.2",
                  "resolved": "https://registry.npmjs.org/ms/-/ms-0.6.2.tgz",
                  "integrity": "sha1-2JwhJMb9wTU9Zai3e/GqxLGTcIw="
                }
              }
            }
          }
        },
        "type-is": {
          "version": "1.3.2",
          "resolved": "https://registry.npmjs.org/type-is/-/type-is-1.3.2.tgz",
          "integrity": "sha1-TypdxYd1yhYwJQr8cYb4s2MJ0bs=",
          "dependencies": {
            "mime-types": {
              "version": "1.0.2",
              "resolved": "https://registry.npmjs.org/mime-types/-/mime-types-1.0.2.tgz",
              "integrity": "sha1-mVrhOSq4r/y/yyZB3QVOlDwNXc4="
            }
          }
        },
        "utils-merge": {
          "version": "1.0.0",
          "resolved": "https://registry.npmjs.org/utils-merge/-/utils-merge-1.0.0.tgz",
          "integrity": "sha1-ApT7kiu5N1FTVBxPcJYjHyh8ivg="
        },
        "vary": {
          "version": "0.1.0",
          "resolved": "https://registry.npmjs.org/vary/-/vary-0.1.0.tgz",
          "integrity": "sha1-3wlFiZ6TwMxb0YzIMh2dIedPYXY="
        }
      }
    },
    "method-override": {
      "version": "2.0.2",
      "resolved": "https://registry.npmjs.org/method-override/-/method-override-2.0.2.tgz",
      "integrity": "sha1-AFMSeMeXiWQL8n6X4mo6Wh98ynM=",
      "dependencies": {
        "methods": {
          "version": "1.0.1",
          "resolved": "https://registry.npmjs.org/methods/-/methods-1.0.1.tgz",
          "integrity": "sha1-dbyRlD3/19oDfPPusO1zoAN80Us="
        },
        "parseurl": {
          "version": "1.0.1",
          "resolved": "https://registry.npmjs.org/parseurl/-/parseurl-1.0.1.tgz",
          "integrity": "sha1-Llfc5u/dN8NRhwEDCUTCK/OIt7Q="
        },
        "vary": {
          "version": "0.1.0",
          "resolved": "https://registry.npmjs.org/vary/-/vary-0.1.0.tgz",
          "integrity": "sha1-3wlFiZ6TwMxb0YzIMh2dIedPYXY="
        }
      }
    },
    "simple-twitter": {
      "version": "1.0.7",
      "resolved": "https://registry.npmjs.org/simple-twitter/-/simple-twitter-1.0.7.tgz",
      "integrity": "sha1-a8JHafalR5NZ1C6uzY23Ef9JBa0=",
      "dependencies": {
        "oauth": {
          "version": "0.9.13",
          "resolved": "https://registry.npmjs.org/oauth/-/oauth-0.9.13.tgz",
          "integrity": "sha1-C7s8LW4rXRjlLq+GL/oguOMssXs="
        }
      }
    },
    "watson-developer-cloud": {
      "version": "0.9.13",
      "resolved": "https://registry.npmjs.org/watson-developer-cloud/-/watson-developer-cloud-0.9.13.tgz",
      "integrity": "sha1-j57SAkwF7EK4r99r9IbW8wumaCI=",
      "dependencies": {
        "async": {
          "version": "1.2.1",
          "resolved": "https://registry.npmjs.org/async/-/async-1.2.1.tgz",
          "integrity": "sha1-pIFqF81f9RbfosdpikUzabl5DeA="
        },
        "cookie": {
          "version": "0.1.3",
          "resolved": "https://registry.npmjs.org/cookie/-/cookie-0.1.3.tgz",
          "integrity": "sha1-5zSlwUF/zkctWu+Cw4HKu2TRpDU="
        },
        "extend": {
          "version": "2.0.1",
          "resolved": "https://registry.npmjs.org/extend/-/extend-2.0.1.tgz",
          "integrity": "sha1-HugBBonnOV/5RIJByYZSvHWagmA="
        },
        "isstream": {
          "version": "0.1.2",
          "resolved": "https://registry.npmjs.org/isstream/-/isstream-0.1.2.tgz",
          "integrity": "sha1-R+Y/evVa+m+S4VAOaQ64uFKcCZo="
        },
        "object.omit": {
          "version": "1.1.0",
          "resolved": "https://registry.npmjs.org/object.omit/-/object.omit-1.1.0.tgz",
          "integrity": "sha1-nRfqFneOUFfeundSxvVfFJaCnpQ=",
          "dependencies": {
            "for-own": {
              "version": "0.1.3",
              "resolved": "https://registry.npmjs.org/for-own/-/for-own-0.1.3.tgz",
              "integrity": "sha1-YGREzed8LwoRCIFp4uNU6vVudP4=",
              "dependencies": {
                "for-in": {
                  "version": "0.1.4",
                  "resolved": "https://registry.npmjs.org/for-in/-/for-in-0.1.4.tgz",
                  "integrity": "sha1-n1z3tP/H4a5lkaTpexd6pZ1w+y4="
                }
              }
            },
            "isobject": {
              "version": "1.0.0",
              "resolved": "https://registry.npmjs.org/isobject/-/isobject-1.0.0.tgz",
              "integrity": "sha1-l/pugAfI4SUSdr51Zc40rmnJAIM="
            }
          }
        },
        "object.pick": {
          "version": "1.1.1",
          "resolved": "https://registry.npmjs.org/object.pick/-/object.pick-1.1.1.tgz",
          "integrity": "sha1-1XgDZXXHeUX9pzbIi56kMuryHno="
        },
        "request": {
          "version": "2.58.0",
          "resolved": "https://registry.npmjs.org/request/-/request-2.58.0.tgz",
          "integrity": "sha1-tfScC5Sqt/rTiGEqH7atA7bMFYA=",
          "dependencies": {
            "aws-sign2": {
              "version": "0.5.0",
              "resolved": "https://registry.npmjs.org/aws-sign2/-/aws-sign2-0.5.0.tgz",
              "integrity": "sha1-xXED96F/wDfwLXwuZLYC6iI/fWM="
            },
            "bl": {
              "version": "0.9.4",
              "resolved": "https://registry.npmjs.org/bl/-/bl-0.9.4.tgz",
              "integrity": "sha1-RwLd9y++Ds2CeHwAwROuoZNa0Oc=",
              "dependencies": {
                "readable-stream": {
                  "version": "1.0.33",
                  "resolved": "https://registry.npmjs.org/readable-stream/-/readable-stream-1.0.33.tgz",
                  "integrity": "sha1-OjYN1mwbHX/UcFOJhg7aHQ9hEmw=",
                  "dependencies": {
                    "core-util-is": {
                      "version": "1.0.1",
                      "resolved": "https://registry.npmjs.org/core-util-is/-/core-util-is-1.0.1.tgz",
                      "integrity": "sha1-awcIWu+aPMrG7lO/nT3wwVIaVTg="
                    },
                    "inherits": {
                      "version": "2.0.1",
                      "resolved": "https://registry.npmjs.org/inherits/-/inherits-2.0.1.tgz",
                      "integrity": "sha1-sX0I0ya0Qj5Wjv9xn5GwscvfafE="
                    },
                    "isarray": {
                      "version": "0.0.1",
                      "resolved": "https://registry.npmjs.org/isarray/-/isarray-0.0.1.tgz",
                      "integrity": "sha1-ihis/Kmo9Bd+Cav8YDiTmwXR7t8="
                    },
                    "string_decoder": {
                      "version": "0.10.31",
                      "resolved": "https://registry.npmjs.org/string_decoder/-/string_decoder-0.10.31.tgz",
                      "integrity": "sha1-YuIDvEF2bGwoyfyEMB2rHFMQ+pQ="
                    }
                  }
                }
              }
            },
            "caseless": {
              "version": "0.10.0",
              "resolved": "https://registry.npmjs.org/caseless/-/caseless-0.10.0.tgz",
              "integrity": "sha1-7WsnGa3NH9GPWNwIHA8aW0OWOQk="
            },
            "combined-stream": {
              "version": "1.0.5",
              "resolved": "https://registry.npmjs.org/combined-stream/-/combined-stream-1.0.5.tgz",
              "integrity": "sha1-k4NwpXtKUd6ix3wV1cX9+JUWQAk=",
              "dependencies": {
                "delayed-stream": {
                  "version": "1.0.0",
                  "resolved": "https://registry.npmjs.org/delayed-stream/-/delayed-stream-1.0.0.tgz",
                  "integrity": "sha1-3zrhmayt+31ECqrgsp4icrJOxhk="
                }
              }
            },
            "forever-agent": {
              "version": "0.6.1",
              "resolved": "https://registry.npmjs.org/forever-agent/-/forever-agent-0.6.1.tgz",
              "integrity": "sha1-+8cfDEGt6zf5bFd60e1C2P2sypE="
            },
            "form-data": {
              "version": "1.0.0-rc1",
              "resolved": "https://registry.npmjs.org/form-data/-/form-data-1.0.0-rc1.tgz",
              "integrity": "sha1-3l2H/yhDlZb09VAL/1jRJE1UeTo=",
              "dependencies": {
                "mime-types": {
                  "version": "2.1.2",
                  "resolved": "https://registry.npmjs.org/mime-types/-/mime-types-2.1.2.tgz",
                  "integrity": "sha1-ZUXM2Vr+d7nGVdgcLmzqzjYlcic=",
                  "dependencies": {
                    "mime-db": {
                      "version": "1.14.0",
                      "resolved": "https://registry.npmjs.org/mime-db/-/mime-db-1.14.0.tgz",
                      "integrity": "sha1-1WHxC27mbbUflK5leilRp0IX7YM="
                    }
                  }
                }
              }
            },
            "har-validator": {
              "version": "1.8.0",
              "resolved": "https://registry.npmjs.org/har-validator/-/har-validator-1.8.0.tgz",
              "integrity": "sha1-2DhCsOtMQ1lgrrEIoGejqpTA7rI=",
              "dependencies": {
                "bluebird": {
                  "version": "2.9.30",
                  "resolved": "https://registry.npmjs.org/bluebird/-/bluebird-2.9.30.tgz",
                  "integrity": "sha1-7dqHXsmq0fKc8fVtboL7qysN9VY="
                },
                "chalk": {
                  "version": "1.0.0",
                  "resolved": "https://registry.npmjs.org/chalk/-/chalk-1.0.0.tgz",
                  "integrity": "sha1-s89O0P9Tl8mcdbj2edsvUoMfltw=",
                  "dependencies": {
                    "ansi-styles": {
                      "version": "2.0.1",
                      "resolved": "https://registry.npmjs.org/ansi-styles/-/ansi-styles-2.0.1.tgz",
                      "integrity": "sha1-sDP1f5Pi0oreuLwRE4+hPaD9IKM="
                    },
                    "escape-string-regexp": {
                      "version": "1.0.3",
                      "resolved": "https://registry.npmjs.org/escape-string-regexp/-/escape-string-regexp-1.0.3.tgz",
                      "integrity": "sha1-ni2LJbwlVcMzZyN1DgPwmcJzW7U="
                    },
                    "has-ansi": {
                      "version": "1.0.3",
                      "resolved": "https://registry.npmjs.org/has-ansi/-/has-ansi-1.0.3.tgz",
                      "integrity": "sha1-wLWxYV2eOCsP9nFp2We0JeSMpTg=",
                      "dependencies": {
                        "ansi-regex": {
                          "version": "1.1.1",
                          "resolved": "https://registry.npmjs.org/ansi-regex/-/ansi-regex-1.1.1.tgz",
                          "integrity": "sha1-QchHGUZGN15qGl0Qw8oFTvn8mA0="
                        },
                        "get-stdin": {
                          "version": "4.0.1",
                          "resolved": "https://registry.npmjs.org/get-stdin/-/get-stdin-4.0.1.tgz",
                          "integrity": "sha1-uWjGsKBDhDJJAui/Gl3zJXmkUP4="
                        }
                      }
                    },
                    "strip-ansi": {
                      "version": "2.0.1",
                      "resolved": "https://registry.npmjs.org/strip-ansi/-/strip-ansi-2.0.1.tgz",
                      "integrity": "sha1-32LBqpTtLxFOHQ8h/R1QSCt5pg4=",
                      "dependencies": {
                        "ansi-regex": {
                          "version": "1.1.1",
                          "resolved": "https://registry.npmjs.org/ansi-regex/-/ansi-regex-1.1.1.tgz",
                          "integrity": "sha1-QchHGUZGN15qGl0Qw8oFTvn8mA0="
                        }
                      }
                    },
                    "supports-color": {
                      "version": "1.3.1",
                      "resolved": "https://registry.npmjs.org/supports-color/-/supports-color-1.3.1.tgz",
                      "integrity": "sha1-FXWN8J2P87SswwdTn6vicJXhBC0="
                    }
                  }
                },
                "commander": {
                  "version": "2.8.1",
                  "resolved": "https://registry.npmjs.org/commander/-/commander-2.8.1.tgz",
                  "integrity": "sha1-Br42f+v9oMMwqh4qBy09yXYkJdQ=",
                  "dependencies": {
                    "graceful-readlink": {
                      "version": "1.0.1",
                      "resolved": "https://registry.npmjs.org/graceful-readlink/-/graceful-readlink-1.0.1.tgz",
                      "integrity": "sha1-TK+tdrxi8C+gObL5Tpo906ORpyU="
                    }
                  }
                },
                "is-my-json-valid": {
                  "version": "2.12.0",
                  "resolved": "https://registry.npmjs.org/is-my-json-valid/-/is-my-json-valid-2.12.0.tgz",
                  "integrity": "sha1-j6bECLJr6VtFoj6PjEtGSlOHTSs=",
                  "dependencies": {
                    "generate-function": {
                      "version": "2.0.0",
                      "resolved": "https://registry.npmjs.org/generate-function/-/generate-function-2.0.0.tgz",
                      "integrity": "sha1-aFj+fAlpt9TpCTM3ZHrHn2DfvnQ="
                    },
                    "generate-object-property": {
                      "version": "1.2.0",
                      "resolved": "https://registry.npmjs.org/generate-object-property/-/generate-object-property-1.2.0.tgz",
                      "integrity": "sha1-nA4cQDCM6AT0eDYYuTf6iPmdUNA=",
                      "dependencies": {
                        "is-property": {
                          "version": "1.0.2",
                          "resolved": "https://registry.npmjs.org/is-property/-/is-property-1.0.2.tgz",
                          "integrity": "sha1-V/4cTkhHTt1lsJkR8msc1Ald2oQ="
                        }
                      }
                    },
                    "jsonpointer": {
                      "version": "1.1.0",
                      "resolved": "https://registry.npmjs.org/jsonpointer/-/jsonpointer-1.1.0.tgz",
                      "integrity": "sha1-w8cu+u07lxVBY9wB3TSeHP4PgPw="
                    },
                    "xtend": {
                      "version": "4.0.0",
                      "resolved": "https://registry.npmjs.org/xtend/-/xtend-4.0.0.tgz",
                      "integrity": "sha1-i8Nv+Hrtvnzp6vC8o2sjVKdDhA8="
                    }
                  }
                }
              }
            },
            "hawk": {
              "version": "2.3.1",
              "resolved": "https://registry.npmjs.org/hawk/-/hawk-2.3.1.tgz",
              "integrity": "sha1-HnMc45RH+h0PbXB/e87r7A/R7B8=",
              "dependencies": {
                "boom": {
                  "version": "2.8.0",
                  "resolved": "https://registry.npmjs.org/boom/-/boom-2.8.0.tgz",
                  "integrity": "sha1-MXvf1HAY/n3Xmw6dpz7+JEEZ/fE="
                },
                "cryptiles": {
                  "version": "2.0.4",
                  "resolved": "https://registry.npmjs.org/cryptiles/-/cryptiles-2.0.4.tgz",
                  "integrity": "sha1-CeoXdbnhx95+YKmdQqtvCM4aEoU="
                },
                "hoek": {
                  "version": "2.14.0",
                  "resolved": "https://registry.npmjs.org/hoek/-/hoek-2.14.0.tgz",
                  "integrity": "sha1-gSEWkfUqWoNa5J7b8eickANHaqQ="
                },
                "sntp": {
                  "version": "1.0.9",
                  "resolved": "https://registry.npmjs.org/sntp/-/sntp-1.0.9.tgz",
                  "integrity": "sha1-ZUEYTMkK7qbG57NeJlkIJEPGYZg="
                }
              }
            },
            "http-signature": {
              "version": "0.11.0",
              "resolved": "https://registry.npmjs.org/http-signature/-/http-signature-0.11.0.tgz",
              "integrity": "sha1-F5bPZ6ABrVzWhJ3KCZFIXwkIn+Y=",
              "dependencies": {
                "asn1": {
                  "version": "0.1.11",
                  "resolved": "https://registry.npmjs.org/asn1/-/asn1-0.1.11.tgz",
                  "integrity": "sha1-VZvhg3bQik7E2+gId9J4GGObLfc="
                },
                "assert-plus": {
                  "version": "0.1.5",
                  "resolved": "https://registry.npmjs.org/assert-plus/-/assert-plus-0.1.5.tgz",
                  "integrity": "sha1-7nQAlBMALYTOxyGcasgRgS5yMWA="
                },
                "ctype": {
                  "version": "0.5.3",
                  "resolved": "https://registry.npmjs.org/ctype/-/ctype-0.5.3.tgz",
                  "integrity": "sha1-gsGMJGH3QRTvFsE1IkrQuRRMoS8="
                }
              }
            },
            "json-stringify-safe": {
              "version": "5.0.1",
              "resolved": "https://registry.npmjs.org/json-stringify-safe/-/json-stringify-safe-5.0.1.tgz",
              "integrity": "sha1-Epai1Y/UXxmg9s4B1lcB4sc1tus="
            },
            "mime-types": {
              "version": "2.0.14",
              "resolved": "https://registry.npmjs.org/mime-types/-/mime-types-2.0.14.tgz",
              "integrity": "sha1-MQ4VnbI+B3+Lsit0jav6SVcUCqY=",
              "dependencies": {
                "mime-db": {
                  "version": "1.12.0",
                  "resolved": "https://registry.npmjs.org/mime-db/-/mime-db-1.12.0.tgz",
                  "integrity": "sha1-PQxjGA9FjrENMlqqN9fFiuMS6dc="
                }
              }
            },
            "node-uuid": {
              "version": "1.4.3",
              "resolved": "https://registry.npmjs.org/node-uuid/-/node-uuid-1.4.3.tgz",
              "integrity": "sha1-MZu3pW58tj8AtcDNeFHNS03fHfk="
            },
            "oauth-sign": {
              "version": "0.8.0",
              "resolved": "https://registry.npmjs.org/oauth-sign/-/oauth-sign-0.8.0.tgz",
              "integrity": "sha1-k4/ch1dlulJxN9iuydF44k3rxVM="
            },
            "qs": {
              "version": "3.1.0",
              "resolved": "https://registry.npmjs.org/qs/-/qs-3.1.0.tgz",
              "integrity": "sha1-0OmudFIzoS3EP7TzBVu6RGJhFTw="
            },
            "stringstream": {
              "version": "0.0.4",
              "resolved": "https://registry.npmjs.org/stringstream/-/stringstream-0.0.4.tgz",
              "integrity": "sha1-Dw40I/lClgtWkqwySlfdCTvEGpI="
            },
            "tough-cookie": {
              "version": "2.0.0",
              "resolved": "https://registry.npmjs.org/tough-cookie/-/tough-cookie-2.0.0.tgz",
              "integrity": "sha1-Qc4Icgs1z5C+sETdJgn7GekocY8="
            },
            "tunnel-agent": {
              "version": "0.4.0",
              "resolved": "https://registry.npmjs.org/tunnel-agent/-/tunnel-agent-0.4.0.tgz",
              "integrity": "sha1-sRhOMS/7z3CztMeOjCGd5+uxxVA="
            }
          }
        },
        "string": {
          "version": "3.3.0",
          "resolved": "https://registry.npmjs.org/string/-/string-3.3.0.tgz",
          "integrity": "sha1-9zs+LerkJtz2jH1WaSwEkvnM5IM="
        }
      }
    }
  }
}
